// !$*UTF8*$!
{
	archiveVersion = 1;
	classes = {
	};
	objectVersion = 56;
	objects = {

/* Begin PBXBuildFile section */
		A11974E42B0A32C00011385E /* AppDelegate.swift in Sources */ = {isa = PBXBuildFile; fileRef = A11974E32B0A32C00011385E /* AppDelegate.swift */; };
		A11974E62B0A32C00011385E /* SceneDelegate.swift in Sources */ = {isa = PBXBuildFile; fileRef = A11974E52B0A32C00011385E /* SceneDelegate.swift */; };
		A11974E82B0A32C00011385E /* FactsListViewController.swift in Sources */ = {isa = PBXBuildFile; fileRef = A11974E72B0A32C00011385E /* FactsListViewController.swift */; };
		A11974ED2B0A32C10011385E /* Assets.xcassets in Resources */ = {isa = PBXBuildFile; fileRef = A11974EC2B0A32C10011385E /* Assets.xcassets */; };
		A11974F02B0A32C10011385E /* LaunchScreen.storyboard in Resources */ = {isa = PBXBuildFile; fileRef = A11974EE2B0A32C10011385E /* LaunchScreen.storyboard */; };
		A11974F82B0A349B0011385E /* FactTableViewCell.swift in Sources */ = {isa = PBXBuildFile; fileRef = A11974F72B0A349B0011385E /* FactTableViewCell.swift */; };
		A11974FE2B0A4D0F0011385E /* FactsListViewModel.swift in Sources */ = {isa = PBXBuildFile; fileRef = A11974FD2B0A4D0F0011385E /* FactsListViewModel.swift */; };
		A11975072B0A83360011385E /* FactService in Frameworks */ = {isa = PBXBuildFile; productRef = A11975062B0A83360011385E /* FactService */; };
/* End PBXBuildFile section */

/* Begin PBXFileReference section */
		A11974E02B0A32C00011385E /* CatFactsApp.app */ = {isa = PBXFileReference; explicitFileType = wrapper.application; includeInIndex = 0; path = CatFactsApp.app; sourceTree = BUILT_PRODUCTS_DIR; };
		A11974E32B0A32C00011385E /* AppDelegate.swift */ = {isa = PBXFileReference; lastKnownFileType = sourcecode.swift; path = AppDelegate.swift; sourceTree = "<group>"; };
		A11974E52B0A32C00011385E /* SceneDelegate.swift */ = {isa = PBXFileReference; lastKnownFileType = sourcecode.swift; path = SceneDelegate.swift; sourceTree = "<group>"; };
		A11974E72B0A32C00011385E /* FactsListViewController.swift */ = {isa = PBXFileReference; lastKnownFileType = sourcecode.swift; path = FactsListViewController.swift; sourceTree = "<group>"; };
		A11974EC2B0A32C10011385E /* Assets.xcassets */ = {isa = PBXFileReference; lastKnownFileType = folder.assetcatalog; path = Assets.xcassets; sourceTree = "<group>"; };
		A11974EF2B0A32C10011385E /* Base */ = {isa = PBXFileReference; lastKnownFileType = file.storyboard; name = Base; path = Base.lproj/LaunchScreen.storyboard; sourceTree = "<group>"; };
		A11974F12B0A32C10011385E /* Info.plist */ = {isa = PBXFileReference; lastKnownFileType = text.plist.xml; path = Info.plist; sourceTree = "<group>"; };
		A11974F72B0A349B0011385E /* FactTableViewCell.swift */ = {isa = PBXFileReference; lastKnownFileType = sourcecode.swift; path = FactTableViewCell.swift; sourceTree = "<group>"; };
		A11974FD2B0A4D0F0011385E /* FactsListViewModel.swift */ = {isa = PBXFileReference; lastKnownFileType = sourcecode.swift; path = FactsListViewModel.swift; sourceTree = "<group>"; };
/* End PBXFileReference section */

/* Begin PBXFrameworksBuildPhase section */
		A11974DD2B0A32C00011385E /* Frameworks */ = {
			isa = PBXFrameworksBuildPhase;
			buildActionMask = 2147483647;
			files = (
				A11975072B0A83360011385E /* FactService in Frameworks */,
			);
			runOnlyForDeploymentPostprocessing = 0;
		};
/* End PBXFrameworksBuildPhase section */

/* Begin PBXGroup section */
		A11974D72B0A32C00011385E = {
			isa = PBXGroup;
			children = (
				A11974E22B0A32C00011385E /* CatFactsApp */,
				A11974E12B0A32C00011385E /* Products */,
			);
			sourceTree = "<group>";
		};
		A11974E12B0A32C00011385E /* Products */ = {
			isa = PBXGroup;
			children = (
				A11974E02B0A32C00011385E /* CatFactsApp.app */,
			);
			name = Products;
			sourceTree = "<group>";
		};
		A11974E22B0A32C00011385E /* CatFactsApp */ = {
			isa = PBXGroup;
			children = (
				A11974FF2B0A71020011385E /* App */,
				A11975032B0A71B10011385E /* Scenes */,
				A11974EC2B0A32C10011385E /* Assets.xcassets */,
				A11974EE2B0A32C10011385E /* LaunchScreen.storyboard */,
				A11974F12B0A32C10011385E /* Info.plist */,
			);
			path = CatFactsApp;
			sourceTree = "<group>";
		};
		A11974FF2B0A71020011385E /* App */ = {
			isa = PBXGroup;
			children = (
				A11974E32B0A32C00011385E /* AppDelegate.swift */,
				A11974E52B0A32C00011385E /* SceneDelegate.swift */,
			);
			path = App;
			sourceTree = "<group>";
		};
		A11975012B0A71860011385E /* TableViewCell */ = {
			isa = PBXGroup;
			children = (
				A11974F72B0A349B0011385E /* FactTableViewCell.swift */,
			);
			path = TableViewCell;
			sourceTree = "<group>";
		};
		A11975022B0A719B0011385E /* List */ = {
			isa = PBXGroup;
			children = (
				A11975012B0A71860011385E /* TableViewCell */,
				A11974E72B0A32C00011385E /* FactsListViewController.swift */,
				A11974FD2B0A4D0F0011385E /* FactsListViewModel.swift */,
			);
			path = List;
			sourceTree = "<group>";
		};
		A11975032B0A71B10011385E /* Scenes */ = {
			isa = PBXGroup;
			children = (
				A11975022B0A719B0011385E /* List */,
			);
			path = Scenes;
			sourceTree = "<group>";
		};
/* End PBXGroup section */

/* Begin PBXNativeTarget section */
		A11974DF2B0A32C00011385E /* CatFactsApp */ = {
			isa = PBXNativeTarget;
			buildConfigurationList = A11974F42B0A32C10011385E /* Build configuration list for PBXNativeTarget "CatFactsApp" */;
			buildPhases = (
				A11974DC2B0A32C00011385E /* Sources */,
				A11974DD2B0A32C00011385E /* Frameworks */,
				A11974DE2B0A32C00011385E /* Resources */,
			);
			buildRules = (
			);
			dependencies = (
			);
			name = CatFactsApp;
			packageProductDependencies = (
				A11975062B0A83360011385E /* FactService */,
			);
			productName = CatFactsApp;
			productReference = A11974E02B0A32C00011385E /* CatFactsApp.app */;
			productType = "com.apple.product-type.application";
		};
/* End PBXNativeTarget section */

/* Begin PBXProject section */
		A11974D82B0A32C00011385E /* Project object */ = {
			isa = PBXProject;
			attributes = {
				BuildIndependentTargetsInParallel = 1;
				LastSwiftUpdateCheck = 1430;
				LastUpgradeCheck = 1430;
				TargetAttributes = {
					A11974DF2B0A32C00011385E = {
						CreatedOnToolsVersion = 14.3.1;
					};
				};
			};
			buildConfigurationList = A11974DB2B0A32C00011385E /* Build configuration list for PBXProject "CatFactsApp" */;
			compatibilityVersion = "Xcode 14.0";
			developmentRegion = en;
			hasScannedForEncodings = 0;
			knownRegions = (
				en,
				Base,
			);
			mainGroup = A11974D72B0A32C00011385E;
			packageReferences = (
				A11975052B0A83360011385E /* XCRemoteSwiftPackageReference "service-package" */,
			);
			productRefGroup = A11974E12B0A32C00011385E /* Products */;
			projectDirPath = "";
			projectRoot = "";
			targets = (
				A11974DF2B0A32C00011385E /* CatFactsApp */,
			);
		};
/* End PBXProject section */

/* Begin PBXResourcesBuildPhase section */
		A11974DE2B0A32C00011385E /* Resources */ = {
			isa = PBXResourcesBuildPhase;
			buildActionMask = 2147483647;
			files = (
				A11974F02B0A32C10011385E /* LaunchScreen.storyboard in Resources */,
				A11974ED2B0A32C10011385E /* Assets.xcassets in Resources */,
			);
			runOnlyForDeploymentPostprocessing = 0;
		};
/* End PBXResourcesBuildPhase section */

/* Begin PBXSourcesBuildPhase section */
		A11974DC2B0A32C00011385E /* Sources */ = {
			isa = PBXSourcesBuildPhase;
			buildActionMask = 2147483647;
			files = (
				A11974E82B0A32C00011385E /* FactsListViewController.swift in Sources */,
				A11974E42B0A32C00011385E /* AppDelegate.swift in Sources */,
				A11974FE2B0A4D0F0011385E /* FactsListViewModel.swift in Sources */,
				A11974E62B0A32C00011385E /* SceneDelegate.swift in Sources */,
				A11974F82B0A349B0011385E /* FactTableViewCell.swift in Sources */,
			);
			runOnlyForDeploymentPostprocessing = 0;
		};
/* End PBXSourcesBuildPhase section */

/* Begin PBXVariantGroup section */
		A11974EE2B0A32C10011385E /* LaunchScreen.storyboard */ = {
			isa = PBXVariantGroup;
			children = (
				A11974EF2B0A32C10011385E /* Base */,
			);
			name = LaunchScreen.storyboard;
			sourceTree = "<group>";
		};
/* End PBXVariantGroup section */

/* Begin XCBuildConfiguration section */
		A11974F22B0A32C10011385E /* Debug */ = {
			isa = XCBuildConfiguration;
			buildSettings = {
				ALWAYS_SEARCH_USER_PATHS = NO;
				CLANG_ANALYZER_NONNULL = YES;
				CLANG_ANALYZER_NUMBER_OBJECT_CONVERSION = YES_AGGRESSIVE;
				CLANG_CXX_LANGUAGE_STANDARD = "gnu++20";
				CLANG_ENABLE_MODULES = YES;
				CLANG_ENABLE_OBJC_ARC = YES;
				CLANG_ENABLE_OBJC_WEAK = YES;
				CLANG_WARN_BLOCK_CAPTURE_AUTORELEASING = YES;
				CLANG_WARN_BOOL_CONVERSION = YES;
				CLANG_WARN_COMMA = YES;
				CLANG_WARN_CONSTANT_CONVERSION = YES;
				CLANG_WARN_DEPRECATED_OBJC_IMPLEMENTATIONS = YES;
				CLANG_WARN_DIRECT_OBJC_ISA_USAGE = YES_ERROR;
				CLANG_WARN_DOCUMENTATION_COMMENTS = YES;
				CLANG_WARN_EMPTY_BODY = YES;
				CLANG_WARN_ENUM_CONVERSION = YES;
				CLANG_WARN_INFINITE_RECURSION = YES;
				CLANG_WARN_INT_CONVERSION = YES;
				CLANG_WARN_NON_LITERAL_NULL_CONVERSION = YES;
				CLANG_WARN_OBJC_IMPLICIT_RETAIN_SELF = YES;
				CLANG_WARN_OBJC_LITERAL_CONVERSION = YES;
				CLANG_WARN_OBJC_ROOT_CLASS = YES_ERROR;
				CLANG_WARN_QUOTED_INCLUDE_IN_FRAMEWORK_HEADER = YES;
				CLANG_WARN_RANGE_LOOP_ANALYSIS = YES;
				CLANG_WARN_STRICT_PROTOTYPES = YES;
				CLANG_WARN_SUSPICIOUS_MOVE = YES;
				CLANG_WARN_UNGUARDED_AVAILABILITY = YES_AGGRESSIVE;
				CLANG_WARN_UNREACHABLE_CODE = YES;
				CLANG_WARN__DUPLICATE_METHOD_MATCH = YES;
				COPY_PHASE_STRIP = NO;
				DEBUG_INFORMATION_FORMAT = dwarf;
				ENABLE_STRICT_OBJC_MSGSEND = YES;
				ENABLE_TESTABILITY = YES;
				GCC_C_LANGUAGE_STANDARD = gnu11;
				GCC_DYNAMIC_NO_PIC = NO;
				GCC_NO_COMMON_BLOCKS = YES;
				GCC_OPTIMIZATION_LEVEL = 0;
				GCC_PREPROCESSOR_DEFINITIONS = (
					"DEBUG=1",
					"$(inherited)",
				);
				GCC_WARN_64_TO_32_BIT_CONVERSION = YES;
				GCC_WARN_ABOUT_RETURN_TYPE = YES_ERROR;
				GCC_WARN_UNDECLARED_SELECTOR = YES;
				GCC_WARN_UNINITIALIZED_AUTOS = YES_AGGRESSIVE;
				GCC_WARN_UNUSED_FUNCTION = YES;
				GCC_WARN_UNUSED_VARIABLE = YES;
				IPHONEOS_DEPLOYMENT_TARGET = 16.4;
				MTL_ENABLE_DEBUG_INFO = INCLUDE_SOURCE;
				MTL_FAST_MATH = YES;
				ONLY_ACTIVE_ARCH = YES;
				SDKROOT = iphoneos;
				SWIFT_ACTIVE_COMPILATION_CONDITIONS = DEBUG;
				SWIFT_OPTIMIZATION_LEVEL = "-Onone";
			};
			name = Debug;
		};
		A11974F32B0A32C10011385E /* Release */ = {
			isa = XCBuildConfiguration;
			buildSettings = {
				ALWAYS_SEARCH_USER_PATHS = NO;
				CLANG_ANALYZER_NONNULL = YES;
				CLANG_ANALYZER_NUMBER_OBJECT_CONVERSION = YES_AGGRESSIVE;
				CLANG_CXX_LANGUAGE_STANDARD = "gnu++20";
				CLANG_ENABLE_MODULES = YES;
				CLANG_ENABLE_OBJC_ARC = YES;
				CLANG_ENABLE_OBJC_WEAK = YES;
				CLANG_WARN_BLOCK_CAPTURE_AUTORELEASING = YES;
				CLANG_WARN_BOOL_CONVERSION = YES;
				CLANG_WARN_COMMA = YES;
				CLANG_WARN_CONSTANT_CONVERSION = YES;
				CLANG_WARN_DEPRECATED_OBJC_IMPLEMENTATIONS = YES;
				CLANG_WARN_DIRECT_OBJC_ISA_USAGE = YES_ERROR;
				CLANG_WARN_DOCUMENTATION_COMMENTS = YES;
				CLANG_WARN_EMPTY_BODY = YES;
				CLANG_WARN_ENUM_CONVERSION = YES;
				CLANG_WARN_INFINITE_RECURSION = YES;
				CLANG_WARN_INT_CONVERSION = YES;
				CLANG_WARN_NON_LITERAL_NULL_CONVERSION = YES;
				CLANG_WARN_OBJC_IMPLICIT_RETAIN_SELF = YES;
				CLANG_WARN_OBJC_LITERAL_CONVERSION = YES;
				CLANG_WARN_OBJC_ROOT_CLASS = YES_ERROR;
				CLANG_WARN_QUOTED_INCLUDE_IN_FRAMEWORK_HEADER = YES;
				CLANG_WARN_RANGE_LOOP_ANALYSIS = YES;
				CLANG_WARN_STRICT_PROTOTYPES = YES;
				CLANG_WARN_SUSPICIOUS_MOVE = YES;
				CLANG_WARN_UNGUARDED_AVAILABILITY = YES_AGGRESSIVE;
				CLANG_WARN_UNREACHABLE_CODE = YES;
				CLANG_WARN__DUPLICATE_METHOD_MATCH = YES;
				COPY_PHASE_STRIP = NO;
				DEBUG_INFORMATION_FORMAT = "dwarf-with-dsym";
				ENABLE_NS_ASSERTIONS = NO;
				ENABLE_STRICT_OBJC_MSGSEND = YES;
				GCC_C_LANGUAGE_STANDARD = gnu11;
				GCC_NO_COMMON_BLOCKS = YES;
				GCC_WARN_64_TO_32_BIT_CONVERSION = YES;
				GCC_WARN_ABOUT_RETURN_TYPE = YES_ERROR;
				GCC_WARN_UNDECLARED_SELECTOR = YES;
				GCC_WARN_UNINITIALIZED_AUTOS = YES_AGGRESSIVE;
				GCC_WARN_UNUSED_FUNCTION = YES;
				GCC_WARN_UNUSED_VARIABLE = YES;
				IPHONEOS_DEPLOYMENT_TARGET = 16.4;
				MTL_ENABLE_DEBUG_INFO = NO;
				MTL_FAST_MATH = YES;
				SDKROOT = iphoneos;
				SWIFT_COMPILATION_MODE = wholemodule;
				SWIFT_OPTIMIZATION_LEVEL = "-O";
				VALIDATE_PRODUCT = YES;
			};
			name = Release;
		};
		A11974F52B0A32C10011385E /* Debug */ = {
			isa = XCBuildConfiguration;
			buildSettings = {
				ASSETCATALOG_COMPILER_APPICON_NAME = AppIcon;
				ASSETCATALOG_COMPILER_GLOBAL_ACCENT_COLOR_NAME = AccentColor;
				CODE_SIGN_STYLE = Automatic;
				CURRENT_PROJECT_VERSION = 1;
				GENERATE_INFOPLIST_FILE = YES;
				INFOPLIST_FILE = CatFactsApp/Info.plist;
				INFOPLIST_KEY_UIApplicationSupportsIndirectInputEvents = YES;
				INFOPLIST_KEY_UILaunchStoryboardName = LaunchScreen;
				INFOPLIST_KEY_UISupportedInterfaceOrientations_iPad = "UIInterfaceOrientationPortrait UIInterfaceOrientationPortraitUpsideDown UIInterfaceOrientationLandscapeLeft UIInterfaceOrientationLandscapeRight";
				INFOPLIST_KEY_UISupportedInterfaceOrientations_iPhone = "UIInterfaceOrientationPortrait UIInterfaceOrientationLandscapeLeft UIInterfaceOrientationLandscapeRight";
				LD_RUNPATH_SEARCH_PATHS = (
					"$(inherited)",
					"@executable_path/Frameworks",
				);
				MARKETING_VERSION = 1.0;
				PRODUCT_BUNDLE_IDENTIFIER = test.ge.CatFactsApp;
				PRODUCT_NAME = "$(TARGET_NAME)";
				SWIFT_EMIT_LOC_STRINGS = YES;
				SWIFT_VERSION = 5.0;
				TARGETED_DEVICE_FAMILY = "1,2";
			};
			name = Debug;
		};
		A11974F62B0A32C10011385E /* Release */ = {
			isa = XCBuildConfiguration;
			buildSettings = {
				ASSETCATALOG_COMPILER_APPICON_NAME = AppIcon;
				ASSETCATALOG_COMPILER_GLOBAL_ACCENT_COLOR_NAME = AccentColor;
				CODE_SIGN_STYLE = Automatic;
				CURRENT_PROJECT_VERSION = 1;
				GENERATE_INFOPLIST_FILE = YES;
				INFOPLIST_FILE = CatFactsApp/Info.plist;
				INFOPLIST_KEY_UIApplicationSupportsIndirectInputEvents = YES;
				INFOPLIST_KEY_UILaunchStoryboardName = LaunchScreen;
				INFOPLIST_KEY_UISupportedInterfaceOrientations_iPad = "UIInterfaceOrientationPortrait UIInterfaceOrientationPortraitUpsideDown UIInterfaceOrientationLandscapeLeft UIInterfaceOrientationLandscapeRight";
				INFOPLIST_KEY_UISupportedInterfaceOrientations_iPhone = "UIInterfaceOrientationPortrait UIInterfaceOrientationLandscapeLeft UIInterfaceOrientationLandscapeRight";
				LD_RUNPATH_SEARCH_PATHS = (
					"$(inherited)",
					"@executable_path/Frameworks",
				);
				MARKETING_VERSION = 1.0;
				PRODUCT_BUNDLE_IDENTIFIER = test.ge.CatFactsApp;
				PRODUCT_NAME = "$(TARGET_NAME)";
				SWIFT_EMIT_LOC_STRINGS = YES;
				SWIFT_VERSION = 5.0;
				TARGETED_DEVICE_FAMILY = "1,2";
			};
			name = Release;
		};
/* End XCBuildConfiguration section */

/* Begin XCConfigurationList section */
		A11974DB2B0A32C00011385E /* Build configuration list for PBXProject "CatFactsApp" */ = {
			isa = XCConfigurationList;
			buildConfigurations = (
				A11974F22B0A32C10011385E /* Debug */,
				A11974F32B0A32C10011385E /* Release */,
			);
			defaultConfigurationIsVisible = 0;
			defaultConfigurationName = Release;
		};
		A11974F42B0A32C10011385E /* Build configuration list for PBXNativeTarget "CatFactsApp" */ = {
			isa = XCConfigurationList;
			buildConfigurations = (
				A11974F52B0A32C10011385E /* Debug */,
				A11974F62B0A32C10011385E /* Release */,
			);
			defaultConfigurationIsVisible = 0;
			defaultConfigurationName = Release;
		};
/* End XCConfigurationList section */

/* Begin XCRemoteSwiftPackageReference section */
		A11975052B0A83360011385E /* XCRemoteSwiftPackageReference "service-package" */ = {
			isa = XCRemoteSwiftPackageReference;
			repositoryURL = "https://github.com/anachikhladze/service-package";
			requirement = {
				branch = main;
				kind = branch;
			};
		};
/* End XCRemoteSwiftPackageReference section */

/* Begin XCSwiftPackageProductDependency section */
		A11975062B0A83360011385E /* FactService */ = {
			isa = XCSwiftPackageProductDependency;
			package = A11975052B0A83360011385E /* XCRemoteSwiftPackageReference "service-package" */;
			productName = FactService;
		};
/* End XCSwiftPackageProductDependency section */
	};
	rootObject = A11974D82B0A32C00011385E /* Project object */;
}
