{
  "pins" : [
    {
      "identity" : "service-package",
      "kind" : "remoteSourceControl",
      "location" : "https://github.com/anachikhladze/service-package",
      "state" : {
        "branch" : "main",
        "revision" : "4b12307fe585bb643874a3a175d928322f3043fc"
      }
    }
  ],
  "version" : 2
}
